
Microsoft Visual Studio Solution File, Format Version 12.00
# Visual Studio Version 16
VisualStudioVersion = 25.0.1706.8
MinimumVisualStudioVersion = 10.0.40219.1
Project("{FAE04EC0-301F-11D3-BF4B-00C04F79EFBC}") = "CSharp", "CSharp\CSharp.csproj", "{507FD833-0C14-4C26-A997-81C60A923A16}"
EndProject
Global
	GlobalSection(SolutionConfigurationPlatforms) = preSolution
		Debug|Any CPU = Debug|Any CPU
		Release|Any CPU = Release|Any CPU
	EndGlobalSection
	GlobalSection(ProjectConfigurationPlatforms) = postSolution
		{507FD833-0C14-4C26-A997-81C60A923A16}.Debug|Any CPU.ActiveCfg = Debug|Any CPU
		{507FD833-0C14-4C26-A997-81C60A923A16}.Debug|Any CPU.Build.0 = Debug|Any CPU
		{507FD833-0C14-4C26-A997-81C60A923A16}.Release|Any CPU.ActiveCfg = Release|Any CPU
		{507FD833-0C14-4C26-A997-81C60A923A16}.Release|Any CPU.Build.0 = Release|Any CPU
	EndGlobalSection
	GlobalSection(SolutionProperties) = preSolution
		HideSolutionNode = FALSE
	EndGlobalSection
	GlobalSection(ExtensibilityGlobals) = postSolution
		SolutionGuid = {AB2D0433-2B72-41AB-97A6-6E20E8A52CA0}
	EndGlobalSection
EndGlobal
